// !$*UTF8*$!
{
	archiveVersion = 1;
	classes = {
	};
	objectVersion = 55;
	objects = {

/* Begin PBXBuildFile section */
		09129C21285F7876001C67F5 /* FirebaseAuth in Frameworks */ = {isa = PBXBuildFile; productRef = 09129C20285F7876001C67F5 /* FirebaseAuth */; };
		09129C23285F7876001C67F5 /* FirebaseDatabase in Frameworks */ = {isa = PBXBuildFile; productRef = 09129C22285F7876001C67F5 /* FirebaseDatabase */; };
		0923A23F285FCF24005F1490 /* AuthVC.swift in Sources */ = {isa = PBXBuildFile; fileRef = 0923A23E285FCF24005F1490 /* AuthVC.swift */; };
		0923A241285FCF43005F1490 /* ProfileVC.swift in Sources */ = {isa = PBXBuildFile; fileRef = 0923A240285FCF43005F1490 /* ProfileVC.swift */; };
		0923A243285FCF62005F1490 /* SettingsVC.swift in Sources */ = {isa = PBXBuildFile; fileRef = 0923A242285FCF62005F1490 /* SettingsVC.swift */; };
		0923A245285FCF78005F1490 /* SecondSettingsVC.swift in Sources */ = {isa = PBXBuildFile; fileRef = 0923A244285FCF78005F1490 /* SecondSettingsVC.swift */; };
		0923A247285FCFC3005F1490 /* ExerciseVC.swift in Sources */ = {isa = PBXBuildFile; fileRef = 0923A246285FCFC3005F1490 /* ExerciseVC.swift */; };
		0923A249285FCFE6005F1490 /* SettingsExerciseVC.swift in Sources */ = {isa = PBXBuildFile; fileRef = 0923A248285FCFE6005F1490 /* SettingsExerciseVC.swift */; };
		0923A24D285FD083005F1490 /* ProfilePogressVC.swift in Sources */ = {isa = PBXBuildFile; fileRef = 0923A24C285FD083005F1490 /* ProfilePogressVC.swift */; };
		0923A25A285FEAC3005F1490 /* User.swift in Sources */ = {isa = PBXBuildFile; fileRef = 0923A259285FEAC3005F1490 /* User.swift */; };
		0923A28628626E8A005F1490 /* Main.storyboard in Resources */ = {isa = PBXBuildFile; fileRef = 0923A28528626E8A005F1490 /* Main.storyboard */; };
		0923A28A28627C9E005F1490 /* TabbarViewController.swift in Sources */ = {isa = PBXBuildFile; fileRef = 0923A28928627C9E005F1490 /* TabbarViewController.swift */; };
		0923A28E286351EA005F1490 /* ProgressVC.swift in Sources */ = {isa = PBXBuildFile; fileRef = 0923A28D286351EA005F1490 /* ProgressVC.swift */; };
		0923A29028635B8B005F1490 /* StartTrainingVC.swift in Sources */ = {isa = PBXBuildFile; fileRef = 0923A28F28635B8B005F1490 /* StartTrainingVC.swift */; };
		09766A292857B59100BC4B02 /* AppDelegate.swift in Sources */ = {isa = PBXBuildFile; fileRef = 09766A282857B59100BC4B02 /* AppDelegate.swift */; };
		09766A2B2857B59100BC4B02 /* SceneDelegate.swift in Sources */ = {isa = PBXBuildFile; fileRef = 09766A2A2857B59100BC4B02 /* SceneDelegate.swift */; };
		09766A322857B59B00BC4B02 /* Assets.xcassets in Resources */ = {isa = PBXBuildFile; fileRef = 09766A312857B59B00BC4B02 /* Assets.xcassets */; };
		09766A352857B59B00BC4B02 /* LaunchScreen.storyboard in Resources */ = {isa = PBXBuildFile; fileRef = 09766A332857B59B00BC4B02 /* LaunchScreen.storyboard */; };
		09BE18D3285F82580007FA29 /* GoogleService-Info.plist in Resources */ = {isa = PBXBuildFile; fileRef = 09BE18D2285F82580007FA29 /* GoogleService-Info.plist */; };
		2E7458384663CA3916412F7B /* Pods_MyTrainingApp.framework in Frameworks */ = {isa = PBXBuildFile; fileRef = 9315E717DD6FC58C9C8F7DE3 /* Pods_MyTrainingApp.framework */; };
/* End PBXBuildFile section */

/* Begin PBXFileReference section */
		0923A23E285FCF24005F1490 /* AuthVC.swift */ = {isa = PBXFileReference; lastKnownFileType = sourcecode.swift; path = AuthVC.swift; sourceTree = "<group>"; };
		0923A240285FCF43005F1490 /* ProfileVC.swift */ = {isa = PBXFileReference; lastKnownFileType = sourcecode.swift; path = ProfileVC.swift; sourceTree = "<group>"; };
		0923A242285FCF62005F1490 /* SettingsVC.swift */ = {isa = PBXFileReference; lastKnownFileType = sourcecode.swift; path = SettingsVC.swift; sourceTree = "<group>"; };
		0923A244285FCF78005F1490 /* SecondSettingsVC.swift */ = {isa = PBXFileReference; lastKnownFileType = sourcecode.swift; path = SecondSettingsVC.swift; sourceTree = "<group>"; };
		0923A246285FCFC3005F1490 /* ExerciseVC.swift */ = {isa = PBXFileReference; lastKnownFileType = sourcecode.swift; path = ExerciseVC.swift; sourceTree = "<group>"; };
		0923A248285FCFE6005F1490 /* SettingsExerciseVC.swift */ = {isa = PBXFileReference; lastKnownFileType = sourcecode.swift; path = SettingsExerciseVC.swift; sourceTree = "<group>"; };
		0923A24C285FD083005F1490 /* ProfilePogressVC.swift */ = {isa = PBXFileReference; lastKnownFileType = sourcecode.swift; path = ProfilePogressVC.swift; sourceTree = "<group>"; };
		0923A259285FEAC3005F1490 /* User.swift */ = {isa = PBXFileReference; lastKnownFileType = sourcecode.swift; path = User.swift; sourceTree = "<group>"; };
		0923A28528626E8A005F1490 /* Main.storyboard */ = {isa = PBXFileReference; lastKnownFileType = file.storyboard; path = Main.storyboard; sourceTree = "<group>"; };
		0923A28928627C9E005F1490 /* TabbarViewController.swift */ = {isa = PBXFileReference; lastKnownFileType = sourcecode.swift; path = TabbarViewController.swift; sourceTree = "<group>"; };
		0923A28D286351EA005F1490 /* ProgressVC.swift */ = {isa = PBXFileReference; lastKnownFileType = sourcecode.swift; path = ProgressVC.swift; sourceTree = "<group>"; };
		0923A28F28635B8B005F1490 /* StartTrainingVC.swift */ = {isa = PBXFileReference; lastKnownFileType = sourcecode.swift; name = StartTrainingVC.swift; path = MyTrainingApp/Controllers/StartTrainingVC.swift; sourceTree = SOURCE_ROOT; };
		09766A252857B59100BC4B02 /* MyTrainingApp.app */ = {isa = PBXFileReference; explicitFileType = wrapper.application; includeInIndex = 0; path = MyTrainingApp.app; sourceTree = BUILT_PRODUCTS_DIR; };
		09766A282857B59100BC4B02 /* AppDelegate.swift */ = {isa = PBXFileReference; lastKnownFileType = sourcecode.swift; path = AppDelegate.swift; sourceTree = "<group>"; };
		09766A2A2857B59100BC4B02 /* SceneDelegate.swift */ = {isa = PBXFileReference; lastKnownFileType = sourcecode.swift; path = SceneDelegate.swift; sourceTree = "<group>"; };
		09766A312857B59B00BC4B02 /* Assets.xcassets */ = {isa = PBXFileReference; lastKnownFileType = folder.assetcatalog; path = Assets.xcassets; sourceTree = "<group>"; };
		09766A342857B59B00BC4B02 /* Base */ = {isa = PBXFileReference; lastKnownFileType = file.storyboard; name = Base; path = Base.lproj/LaunchScreen.storyboard; sourceTree = "<group>"; };
		09766A362857B59B00BC4B02 /* Info.plist */ = {isa = PBXFileReference; lastKnownFileType = text.plist.xml; path = Info.plist; sourceTree = "<group>"; };
		09BE18D2285F82580007FA29 /* GoogleService-Info.plist */ = {isa = PBXFileReference; fileEncoding = 4; lastKnownFileType = text.plist.xml; path = "GoogleService-Info.plist"; sourceTree = "<group>"; };
		78D0A7F26712AAE9582B231D /* Pods-MyTrainingApp.debug.xcconfig */ = {isa = PBXFileReference; includeInIndex = 1; lastKnownFileType = text.xcconfig; name = "Pods-MyTrainingApp.debug.xcconfig"; path = "Target Support Files/Pods-MyTrainingApp/Pods-MyTrainingApp.debug.xcconfig"; sourceTree = "<group>"; };
		9315E717DD6FC58C9C8F7DE3 /* Pods_MyTrainingApp.framework */ = {isa = PBXFileReference; explicitFileType = wrapper.framework; includeInIndex = 0; path = Pods_MyTrainingApp.framework; sourceTree = BUILT_PRODUCTS_DIR; };
		E79888A4807515E45645E393 /* Pods-MyTrainingApp.release.xcconfig */ = {isa = PBXFileReference; includeInIndex = 1; lastKnownFileType = text.xcconfig; name = "Pods-MyTrainingApp.release.xcconfig"; path = "Target Support Files/Pods-MyTrainingApp/Pods-MyTrainingApp.release.xcconfig"; sourceTree = "<group>"; };
/* End PBXFileReference section */

/* Begin PBXFrameworksBuildPhase section */
		09766A222857B59100BC4B02 /* Frameworks */ = {
			isa = PBXFrameworksBuildPhase;
			buildActionMask = 2147483647;
			files = (
				09129C23285F7876001C67F5 /* FirebaseDatabase in Frameworks */,
				09129C21285F7876001C67F5 /* FirebaseAuth in Frameworks */,
				2E7458384663CA3916412F7B /* Pods_MyTrainingApp.framework in Frameworks */,
			);
			runOnlyForDeploymentPostprocessing = 0;
		};
/* End PBXFrameworksBuildPhase section */

/* Begin PBXGroup section */
		09129BF2285F5B84001C67F5 /* Views */ = {
			isa = PBXGroup;
			children = (
				0923A28528626E8A005F1490 /* Main.storyboard */,
				09766A332857B59B00BC4B02 /* LaunchScreen.storyboard */,
			);
			path = Views;
			sourceTree = "<group>";
		};
		09129BF3285F5B97001C67F5 /* Controllers */ = {
			isa = PBXGroup;
			children = (
				0923A28928627C9E005F1490 /* TabbarViewController.swift */,
				0923A23E285FCF24005F1490 /* AuthVC.swift */,
				0923A240285FCF43005F1490 /* ProfileVC.swift */,
				0923A24C285FD083005F1490 /* ProfilePogressVC.swift */,
				0923A242285FCF62005F1490 /* SettingsVC.swift */,
				0923A28D286351EA005F1490 /* ProgressVC.swift */,
				0923A244285FCF78005F1490 /* SecondSettingsVC.swift */,
				0923A246285FCFC3005F1490 /* ExerciseVC.swift */,
				0923A248285FCFE6005F1490 /* SettingsExerciseVC.swift */,
				0923A28F28635B8B005F1490 /* StartTrainingVC.swift */,
			);
			path = Controllers;
			sourceTree = "<group>";
		};
		09129BF4285F5BA3001C67F5 /* App */ = {
			isa = PBXGroup;
			children = (
				09766A282857B59100BC4B02 /* AppDelegate.swift */,
				09766A2A2857B59100BC4B02 /* SceneDelegate.swift */,
			);
			path = App;
			sourceTree = "<group>";
		};
		09129BF5285F5BB8001C67F5 /* Assets */ = {
			isa = PBXGroup;
			children = (
				09766A312857B59B00BC4B02 /* Assets.xcassets */,
			);
			path = Assets;
			sourceTree = "<group>";
		};
		0923A258285FEA9C005F1490 /* Models */ = {
			isa = PBXGroup;
			children = (
				0923A259285FEAC3005F1490 /* User.swift */,
			);
			path = Models;
			sourceTree = "<group>";
		};
		09766A1C2857B59100BC4B02 = {
			isa = PBXGroup;
			children = (
				09766A272857B59100BC4B02 /* MyTrainingApp */,
				09766A262857B59100BC4B02 /* Products */,
				CFD92A7087C68C2892AEE86A /* Pods */,
				528BE236F1AD29BC13182F75 /* Frameworks */,
			);
			sourceTree = "<group>";
		};
		09766A262857B59100BC4B02 /* Products */ = {
			isa = PBXGroup;
			children = (
				09766A252857B59100BC4B02 /* MyTrainingApp.app */,
			);
			name = Products;
			sourceTree = "<group>";
		};
		09766A272857B59100BC4B02 /* MyTrainingApp */ = {
			isa = PBXGroup;
			children = (
				09766A362857B59B00BC4B02 /* Info.plist */,
				09BE18D2285F82580007FA29 /* GoogleService-Info.plist */,
				0923A258285FEA9C005F1490 /* Models */,
				09129BF4285F5BA3001C67F5 /* App */,
				09129BF3285F5B97001C67F5 /* Controllers */,
				09129BF2285F5B84001C67F5 /* Views */,
				09129BF5285F5BB8001C67F5 /* Assets */,
			);
			path = MyTrainingApp;
			sourceTree = "<group>";
		};
		528BE236F1AD29BC13182F75 /* Frameworks */ = {
			isa = PBXGroup;
			children = (
				9315E717DD6FC58C9C8F7DE3 /* Pods_MyTrainingApp.framework */,
			);
			name = Frameworks;
			sourceTree = "<group>";
		};
		CFD92A7087C68C2892AEE86A /* Pods */ = {
			isa = PBXGroup;
			children = (
				78D0A7F26712AAE9582B231D /* Pods-MyTrainingApp.debug.xcconfig */,
				E79888A4807515E45645E393 /* Pods-MyTrainingApp.release.xcconfig */,
			);
			path = Pods;
			sourceTree = "<group>";
		};
/* End PBXGroup section */

/* Begin PBXNativeTarget section */
		09766A242857B59100BC4B02 /* MyTrainingApp */ = {
			isa = PBXNativeTarget;
			buildConfigurationList = 09766A392857B59B00BC4B02 /* Build configuration list for PBXNativeTarget "MyTrainingApp" */;
			buildPhases = (
				70C17241AB2D7FDFEB9BC56D /* [CP] Check Pods Manifest.lock */,
				09766A212857B59100BC4B02 /* Sources */,
				09766A222857B59100BC4B02 /* Frameworks */,
				09766A232857B59100BC4B02 /* Resources */,
				17C98F54843E9F96F6A14088 /* [CP] Embed Pods Frameworks */,
			);
			buildRules = (
			);
			dependencies = (
			);
			name = MyTrainingApp;
			packageProductDependencies = (
				09129C20285F7876001C67F5 /* FirebaseAuth */,
				09129C22285F7876001C67F5 /* FirebaseDatabase */,
			);
			productName = MyTrainingApp;
			productReference = 09766A252857B59100BC4B02 /* MyTrainingApp.app */;
			productType = "com.apple.product-type.application";
		};
/* End PBXNativeTarget section */

/* Begin PBXProject section */
		09766A1D2857B59100BC4B02 /* Project object */ = {
			isa = PBXProject;
			attributes = {
				BuildIndependentTargetsInParallel = 1;
				LastSwiftUpdateCheck = 1340;
				LastUpgradeCheck = 1340;
				TargetAttributes = {
					09766A242857B59100BC4B02 = {
						CreatedOnToolsVersion = 13.4.1;
					};
				};
			};
			buildConfigurationList = 09766A202857B59100BC4B02 /* Build configuration list for PBXProject "MyTrainingApp" */;
			compatibilityVersion = "Xcode 13.0";
			developmentRegion = en;
			hasScannedForEncodings = 0;
			knownRegions = (
				en,
				Base,
			);
			mainGroup = 09766A1C2857B59100BC4B02;
			packageReferences = (
				09129C1F285F7876001C67F5 /* XCRemoteSwiftPackageReference "firebase-ios-sdk" */,
			);
			productRefGroup = 09766A262857B59100BC4B02 /* Products */;
			projectDirPath = "";
			projectRoot = "";
			targets = (
				09766A242857B59100BC4B02 /* MyTrainingApp */,
			);
		};
/* End PBXProject section */

/* Begin PBXResourcesBuildPhase section */
		09766A232857B59100BC4B02 /* Resources */ = {
			isa = PBXResourcesBuildPhase;
			buildActionMask = 2147483647;
			files = (
				09766A352857B59B00BC4B02 /* LaunchScreen.storyboard in Resources */,
				09BE18D3285F82580007FA29 /* GoogleService-Info.plist in Resources */,
				09766A322857B59B00BC4B02 /* Assets.xcassets in Resources */,
				0923A28628626E8A005F1490 /* Main.storyboard in Resources */,
			);
			runOnlyForDeploymentPostprocessing = 0;
		};
/* End PBXResourcesBuildPhase section */

/* Begin PBXShellScriptBuildPhase section */
		17C98F54843E9F96F6A14088 /* [CP] Embed Pods Frameworks */ = {
			isa = PBXShellScriptBuildPhase;
			buildActionMask = 2147483647;
			files = (
			);
			inputFileListPaths = (
				"${PODS_ROOT}/Target Support Files/Pods-MyTrainingApp/Pods-MyTrainingApp-frameworks-${CONFIGURATION}-input-files.xcfilelist",
			);
			name = "[CP] Embed Pods Frameworks";
			outputFileListPaths = (
				"${PODS_ROOT}/Target Support Files/Pods-MyTrainingApp/Pods-MyTrainingApp-frameworks-${CONFIGURATION}-output-files.xcfilelist",
			);
			runOnlyForDeploymentPostprocessing = 0;
			shellPath = /bin/sh;
			shellScript = "\"${PODS_ROOT}/Target Support Files/Pods-MyTrainingApp/Pods-MyTrainingApp-frameworks.sh\"\n";
			showEnvVarsInLog = 0;
		};
		70C17241AB2D7FDFEB9BC56D /* [CP] Check Pods Manifest.lock */ = {
			isa = PBXShellScriptBuildPhase;
			buildActionMask = 2147483647;
			files = (
			);
			inputFileListPaths = (
			);
			inputPaths = (
				"${PODS_PODFILE_DIR_PATH}/Podfile.lock",
				"${PODS_ROOT}/Manifest.lock",
			);
			name = "[CP] Check Pods Manifest.lock";
			outputFileListPaths = (
			);
			outputPaths = (
				"$(DERIVED_FILE_DIR)/Pods-MyTrainingApp-checkManifestLockResult.txt",
			);
			runOnlyForDeploymentPostprocessing = 0;
			shellPath = /bin/sh;
			shellScript = "diff \"${PODS_PODFILE_DIR_PATH}/Podfile.lock\" \"${PODS_ROOT}/Manifest.lock\" > /dev/null\nif [ $? != 0 ] ; then\n    # print error to STDERR\n    echo \"error: The sandbox is not in sync with the Podfile.lock. Run 'pod install' or update your CocoaPods installation.\" >&2\n    exit 1\nfi\n# This output is used by Xcode 'outputs' to avoid re-running this script phase.\necho \"SUCCESS\" > \"${SCRIPT_OUTPUT_FILE_0}\"\n";
			showEnvVarsInLog = 0;
		};
/* End PBXShellScriptBuildPhase section */

/* Begin PBXSourcesBuildPhase section */
		09766A212857B59100BC4B02 /* Sources */ = {
			isa = PBXSourcesBuildPhase;
			buildActionMask = 2147483647;
			files = (
				0923A241285FCF43005F1490 /* ProfileVC.swift in Sources */,
				0923A28E286351EA005F1490 /* ProgressVC.swift in Sources */,
				0923A24D285FD083005F1490 /* ProfilePogressVC.swift in Sources */,
				0923A29028635B8B005F1490 /* StartTrainingVC.swift in Sources */,
				0923A28A28627C9E005F1490 /* TabbarViewController.swift in Sources */,
				0923A245285FCF78005F1490 /* SecondSettingsVC.swift in Sources */,
				09766A292857B59100BC4B02 /* AppDelegate.swift in Sources */,
				0923A247285FCFC3005F1490 /* ExerciseVC.swift in Sources */,
				0923A23F285FCF24005F1490 /* AuthVC.swift in Sources */,
				0923A249285FCFE6005F1490 /* SettingsExerciseVC.swift in Sources */,
				09766A2B2857B59100BC4B02 /* SceneDelegate.swift in Sources */,
				0923A243285FCF62005F1490 /* SettingsVC.swift in Sources */,
				0923A25A285FEAC3005F1490 /* User.swift in Sources */,
			);
			runOnlyForDeploymentPostprocessing = 0;
		};
/* End PBXSourcesBuildPhase section */

/* Begin PBXVariantGroup section */
		09766A332857B59B00BC4B02 /* LaunchScreen.storyboard */ = {
			isa = PBXVariantGroup;
			children = (
				09766A342857B59B00BC4B02 /* Base */,
			);
			name = LaunchScreen.storyboard;
			sourceTree = "<group>";
		};
/* End PBXVariantGroup section */

/* Begin XCBuildConfiguration section */
		09766A372857B59B00BC4B02 /* Debug */ = {
			isa = XCBuildConfiguration;
			buildSettings = {
				ALWAYS_SEARCH_USER_PATHS = NO;
				CLANG_ANALYZER_NONNULL = YES;
				CLANG_ANALYZER_NUMBER_OBJECT_CONVERSION = YES_AGGRESSIVE;
				CLANG_CXX_LANGUAGE_STANDARD = "gnu++17";
				CLANG_ENABLE_MODULES = YES;
				CLANG_ENABLE_OBJC_ARC = YES;
				CLANG_ENABLE_OBJC_WEAK = YES;
				CLANG_WARN_BLOCK_CAPTURE_AUTORELEASING = YES;
				CLANG_WARN_BOOL_CONVERSION = YES;
				CLANG_WARN_COMMA = YES;
				CLANG_WARN_CONSTANT_CONVERSION = YES;
				CLANG_WARN_DEPRECATED_OBJC_IMPLEMENTATIONS = YES;
				CLANG_WARN_DIRECT_OBJC_ISA_USAGE = YES_ERROR;
				CLANG_WARN_DOCUMENTATION_COMMENTS = YES;
				CLANG_WARN_EMPTY_BODY = YES;
				CLANG_WARN_ENUM_CONVERSION = YES;
				CLANG_WARN_INFINITE_RECURSION = YES;
				CLANG_WARN_INT_CONVERSION = YES;
				CLANG_WARN_NON_LITERAL_NULL_CONVERSION = YES;
				CLANG_WARN_OBJC_IMPLICIT_RETAIN_SELF = YES;
				CLANG_WARN_OBJC_LITERAL_CONVERSION = YES;
				CLANG_WARN_OBJC_ROOT_CLASS = YES_ERROR;
				CLANG_WARN_QUOTED_INCLUDE_IN_FRAMEWORK_HEADER = YES;
				CLANG_WARN_RANGE_LOOP_ANALYSIS = YES;
				CLANG_WARN_STRICT_PROTOTYPES = YES;
				CLANG_WARN_SUSPICIOUS_MOVE = YES;
				CLANG_WARN_UNGUARDED_AVAILABILITY = YES_AGGRESSIVE;
				CLANG_WARN_UNREACHABLE_CODE = YES;
				CLANG_WARN__DUPLICATE_METHOD_MATCH = YES;
				COPY_PHASE_STRIP = NO;
				DEBUG_INFORMATION_FORMAT = dwarf;
				ENABLE_STRICT_OBJC_MSGSEND = YES;
				ENABLE_TESTABILITY = YES;
				GCC_C_LANGUAGE_STANDARD = gnu11;
				GCC_DYNAMIC_NO_PIC = NO;
				GCC_NO_COMMON_BLOCKS = YES;
				GCC_OPTIMIZATION_LEVEL = 0;
				GCC_PREPROCESSOR_DEFINITIONS = (
					"DEBUG=1",
					"$(inherited)",
				);
				GCC_WARN_64_TO_32_BIT_CONVERSION = YES;
				GCC_WARN_ABOUT_RETURN_TYPE = YES_ERROR;
				GCC_WARN_UNDECLARED_SELECTOR = YES;
				GCC_WARN_UNINITIALIZED_AUTOS = YES_AGGRESSIVE;
				GCC_WARN_UNUSED_FUNCTION = YES;
				GCC_WARN_UNUSED_VARIABLE = YES;
				IPHONEOS_DEPLOYMENT_TARGET = 15.5;
				MTL_ENABLE_DEBUG_INFO = INCLUDE_SOURCE;
				MTL_FAST_MATH = YES;
				ONLY_ACTIVE_ARCH = YES;
				SDKROOT = iphoneos;
				SWIFT_ACTIVE_COMPILATION_CONDITIONS = DEBUG;
				SWIFT_OPTIMIZATION_LEVEL = "-Onone";
			};
			name = Debug;
		};
		09766A382857B59B00BC4B02 /* Release */ = {
			isa = XCBuildConfiguration;
			buildSettings = {
				ALWAYS_SEARCH_USER_PATHS = NO;
				CLANG_ANALYZER_NONNULL = YES;
				CLANG_ANALYZER_NUMBER_OBJECT_CONVERSION = YES_AGGRESSIVE;
				CLANG_CXX_LANGUAGE_STANDARD = "gnu++17";
				CLANG_ENABLE_MODULES = YES;
				CLANG_ENABLE_OBJC_ARC = YES;
				CLANG_ENABLE_OBJC_WEAK = YES;
				CLANG_WARN_BLOCK_CAPTURE_AUTORELEASING = YES;
				CLANG_WARN_BOOL_CONVERSION = YES;
				CLANG_WARN_COMMA = YES;
				CLANG_WARN_CONSTANT_CONVERSION = YES;
				CLANG_WARN_DEPRECATED_OBJC_IMPLEMENTATIONS = YES;
				CLANG_WARN_DIRECT_OBJC_ISA_USAGE = YES_ERROR;
				CLANG_WARN_DOCUMENTATION_COMMENTS = YES;
				CLANG_WARN_EMPTY_BODY = YES;
				CLANG_WARN_ENUM_CONVERSION = YES;
				CLANG_WARN_INFINITE_RECURSION = YES;
				CLANG_WARN_INT_CONVERSION = YES;
				CLANG_WARN_NON_LITERAL_NULL_CONVERSION = YES;
				CLANG_WARN_OBJC_IMPLICIT_RETAIN_SELF = YES;
				CLANG_WARN_OBJC_LITERAL_CONVERSION = YES;
				CLANG_WARN_OBJC_ROOT_CLASS = YES_ERROR;
				CLANG_WARN_QUOTED_INCLUDE_IN_FRAMEWORK_HEADER = YES;
				CLANG_WARN_RANGE_LOOP_ANALYSIS = YES;
				CLANG_WARN_STRICT_PROTOTYPES = YES;
				CLANG_WARN_SUSPICIOUS_MOVE = YES;
				CLANG_WARN_UNGUARDED_AVAILABILITY = YES_AGGRESSIVE;
				CLANG_WARN_UNREACHABLE_CODE = YES;
				CLANG_WARN__DUPLICATE_METHOD_MATCH = YES;
				COPY_PHASE_STRIP = NO;
				DEBUG_INFORMATION_FORMAT = "dwarf-with-dsym";
				ENABLE_NS_ASSERTIONS = NO;
				ENABLE_STRICT_OBJC_MSGSEND = YES;
				GCC_C_LANGUAGE_STANDARD = gnu11;
				GCC_NO_COMMON_BLOCKS = YES;
				GCC_WARN_64_TO_32_BIT_CONVERSION = YES;
				GCC_WARN_ABOUT_RETURN_TYPE = YES_ERROR;
				GCC_WARN_UNDECLARED_SELECTOR = YES;
				GCC_WARN_UNINITIALIZED_AUTOS = YES_AGGRESSIVE;
				GCC_WARN_UNUSED_FUNCTION = YES;
				GCC_WARN_UNUSED_VARIABLE = YES;
				IPHONEOS_DEPLOYMENT_TARGET = 15.5;
				MTL_ENABLE_DEBUG_INFO = NO;
				MTL_FAST_MATH = YES;
				SDKROOT = iphoneos;
				SWIFT_COMPILATION_MODE = wholemodule;
				SWIFT_OPTIMIZATION_LEVEL = "-O";
				VALIDATE_PRODUCT = YES;
			};
			name = Release;
		};
		09766A3A2857B59B00BC4B02 /* Debug */ = {
			isa = XCBuildConfiguration;
			baseConfigurationReference = 78D0A7F26712AAE9582B231D /* Pods-MyTrainingApp.debug.xcconfig */;
			buildSettings = {
				ASSETCATALOG_COMPILER_APPICON_NAME = AppIcon;
				ASSETCATALOG_COMPILER_GLOBAL_ACCENT_COLOR_NAME = AccentColor;
				CODE_SIGN_STYLE = Automatic;
				CURRENT_PROJECT_VERSION = 1;
				GENERATE_INFOPLIST_FILE = YES;
				INFOPLIST_FILE = MyTrainingApp/Info.plist;
				INFOPLIST_KEY_UIApplicationSupportsIndirectInputEvents = YES;
				INFOPLIST_KEY_UILaunchStoryboardName = LaunchScreen;
				INFOPLIST_KEY_UIMainStoryboardFile = Main;
				INFOPLIST_KEY_UISupportedInterfaceOrientations_iPad = "UIInterfaceOrientationPortrait UIInterfaceOrientationPortraitUpsideDown UIInterfaceOrientationLandscapeLeft UIInterfaceOrientationLandscapeRight";
				INFOPLIST_KEY_UISupportedInterfaceOrientations_iPhone = "UIInterfaceOrientationPortrait UIInterfaceOrientationLandscapeLeft UIInterfaceOrientationLandscapeRight";
				LD_RUNPATH_SEARCH_PATHS = (
					"$(inherited)",
					"@executable_path/Frameworks",
				);
				MARKETING_VERSION = 1.0;
				PRODUCT_BUNDLE_IDENTIFIER = SkakunIlya.MyTrainingApp;
				PRODUCT_NAME = "$(TARGET_NAME)";
				SWIFT_EMIT_LOC_STRINGS = YES;
				SWIFT_VERSION = 5.0;
				TARGETED_DEVICE_FAMILY = "1,2";
			};
			name = Debug;
		};
		09766A3B2857B59B00BC4B02 /* Release */ = {
			isa = XCBuildConfiguration;
			baseConfigurationReference = E79888A4807515E45645E393 /* Pods-MyTrainingApp.release.xcconfig */;
			buildSettings = {
				ASSETCATALOG_COMPILER_APPICON_NAME = AppIcon;
				ASSETCATALOG_COMPILER_GLOBAL_ACCENT_COLOR_NAME = AccentColor;
				CODE_SIGN_STYLE = Automatic;
				CURRENT_PROJECT_VERSION = 1;
				GENERATE_INFOPLIST_FILE = YES;
				INFOPLIST_FILE = MyTrainingApp/Info.plist;
				INFOPLIST_KEY_UIApplicationSupportsIndirectInputEvents = YES;
				INFOPLIST_KEY_UILaunchStoryboardName = LaunchScreen;
				INFOPLIST_KEY_UIMainStoryboardFile = Main;
				INFOPLIST_KEY_UISupportedInterfaceOrientations_iPad = "UIInterfaceOrientationPortrait UIInterfaceOrientationPortraitUpsideDown UIInterfaceOrientationLandscapeLeft UIInterfaceOrientationLandscapeRight";
				INFOPLIST_KEY_UISupportedInterfaceOrientations_iPhone = "UIInterfaceOrientationPortrait UIInterfaceOrientationLandscapeLeft UIInterfaceOrientationLandscapeRight";
				LD_RUNPATH_SEARCH_PATHS = (
					"$(inherited)",
					"@executable_path/Frameworks",
				);
				MARKETING_VERSION = 1.0;
				PRODUCT_BUNDLE_IDENTIFIER = SkakunIlya.MyTrainingApp;
				PRODUCT_NAME = "$(TARGET_NAME)";
				SWIFT_EMIT_LOC_STRINGS = YES;
				SWIFT_VERSION = 5.0;
				TARGETED_DEVICE_FAMILY = "1,2";
			};
			name = Release;
		};
/* End XCBuildConfiguration section */

/* Begin XCConfigurationList section */
		09766A202857B59100BC4B02 /* Build configuration list for PBXProject "MyTrainingApp" */ = {
			isa = XCConfigurationList;
			buildConfigurations = (
				09766A372857B59B00BC4B02 /* Debug */,
				09766A382857B59B00BC4B02 /* Release */,
			);
			defaultConfigurationIsVisible = 0;
			defaultConfigurationName = Release;
		};
		09766A392857B59B00BC4B02 /* Build configuration list for PBXNativeTarget "MyTrainingApp" */ = {
			isa = XCConfigurationList;
			buildConfigurations = (
				09766A3A2857B59B00BC4B02 /* Debug */,
				09766A3B2857B59B00BC4B02 /* Release */,
			);
			defaultConfigurationIsVisible = 0;
			defaultConfigurationName = Release;
		};
/* End XCConfigurationList section */

/* Begin XCRemoteSwiftPackageReference section */
		09129C1F285F7876001C67F5 /* XCRemoteSwiftPackageReference "firebase-ios-sdk" */ = {
			isa = XCRemoteSwiftPackageReference;
			repositoryURL = "https://github.com/firebase/firebase-ios-sdk";
			requirement = {
				kind = upToNextMajorVersion;
				minimumVersion = 9.0.0;
			};
		};
/* End XCRemoteSwiftPackageReference section */

/* Begin XCSwiftPackageProductDependency section */
		09129C20285F7876001C67F5 /* FirebaseAuth */ = {
			isa = XCSwiftPackageProductDependency;
			package = 09129C1F285F7876001C67F5 /* XCRemoteSwiftPackageReference "firebase-ios-sdk" */;
			productName = FirebaseAuth;
		};
		09129C22285F7876001C67F5 /* FirebaseDatabase */ = {
			isa = XCSwiftPackageProductDependency;
			package = 09129C1F285F7876001C67F5 /* XCRemoteSwiftPackageReference "firebase-ios-sdk" */;
			productName = FirebaseDatabase;
		};
/* End XCSwiftPackageProductDependency section */
	};
	rootObject = 09766A1D2857B59100BC4B02 /* Project object */;
}
